
Microsoft Visual Studio Solution File, Format Version 12.00
# Visual Studio Version 17
VisualStudioVersion = 17.13.35919.96 d17.13
MinimumVisualStudioVersion = 10.0.40219.1
Project("{FAE04EC0-301F-11D3-BF4B-00C04F79EFBC}") = "Comida DJZ", "Comida DJZ\Comida DJZ.csproj", "{2DC04884-36FB-42D0-8F8E-A8AEE48762BD}"
EndProject
Global
	GlobalSection(SolutionConfigurationPlatforms) = preSolution
		Debug|Any CPU = Debug|Any CPU
		Release|Any CPU = Release|Any CPU
	EndGlobalSection
	GlobalSection(ProjectConfigurationPlatforms) = postSolution
		{2DC04884-36FB-42D0-8F8E-A8AEE48762BD}.Debug|Any CPU.ActiveCfg = Debug|Any CPU
		{2DC04884-36FB-42D0-8F8E-A8AEE48762BD}.Debug|Any CPU.Build.0 = Debug|Any CPU
		{2DC04884-36FB-42D0-8F8E-A8AEE48762BD}.Release|Any CPU.ActiveCfg = Release|Any CPU
		{2DC04884-36FB-42D0-8F8E-A8AEE48762BD}.Release|Any CPU.Build.0 = Release|Any CPU
	EndGlobalSection
	GlobalSection(SolutionProperties) = preSolution
		HideSolutionNode = FALSE
	EndGlobalSection
	GlobalSection(ExtensibilityGlobals) = postSolution
		SolutionGuid = {C5B04659-C8FF-4657-B0AB-A5EF0D16B9FE}
	EndGlobalSection
EndGlobal
